// !$*UTF8*$!
{
	archiveVersion = 1;
	classes = {
	};
	objectVersion = 56;
	objects = {

/* Begin PBXBuildFile section */
		156CDB742BEB861400DB231C /* warcardApp.swift in Sources */ = {isa = PBXBuildFile; fileRef = 156CDB732BEB861400DB231C /* warcardApp.swift */; };
		156CDB762BEB861400DB231C /* ContentView.swift in Sources */ = {isa = PBXBuildFile; fileRef = 156CDB752BEB861400DB231C /* ContentView.swift */; };
		156CDB782BEB861700DB231C /* Assets.xcassets in Resources */ = {isa = PBXBuildFile; fileRef = 156CDB772BEB861700DB231C /* Assets.xcassets */; };
		156CDB7B2BEB861700DB231C /* Preview Assets.xcassets in Resources */ = {isa = PBXBuildFile; fileRef = 156CDB7A2BEB861700DB231C /* Preview Assets.xcassets */; };
		156CDB852BEB861700DB231C /* warcardTests.swift in Sources */ = {isa = PBXBuildFile; fileRef = 156CDB842BEB861700DB231C /* warcardTests.swift */; };
		156CDB8F2BEB861700DB231C /* warcardUITests.swift in Sources */ = {isa = PBXBuildFile; fileRef = 156CDB8E2BEB861700DB231C /* warcardUITests.swift */; };
		156CDB912BEB861700DB231C /* warcardUITestsLaunchTests.swift in Sources */ = {isa = PBXBuildFile; fileRef = 156CDB902BEB861700DB231C /* warcardUITestsLaunchTests.swift */; };
/* End PBXBuildFile section */

/* Begin PBXContainerItemProxy section */
		156CDB812BEB861700DB231C /* PBXContainerItemProxy */ = {
			isa = PBXContainerItemProxy;
			containerPortal = 156CDB682BEB861400DB231C /* Project object */;
			proxyType = 1;
			remoteGlobalIDString = 156CDB6F2BEB861400DB231C;
			remoteInfo = warcard;
		};
		156CDB8B2BEB861700DB231C /* PBXContainerItemProxy */ = {
			isa = PBXContainerItemProxy;
			containerPortal = 156CDB682BEB861400DB231C /* Project object */;
			proxyType = 1;
			remoteGlobalIDString = 156CDB6F2BEB861400DB231C;
			remoteInfo = warcard;
		};
/* End PBXContainerItemProxy section */

/* Begin PBXFileReference section */
		156CDB702BEB861400DB231C /* warcard.app */ = {isa = PBXFileReference; explicitFileType = wrapper.application; includeInIndex = 0; path = warcard.app; sourceTree = BUILT_PRODUCTS_DIR; };
		156CDB732BEB861400DB231C /* warcardApp.swift */ = {isa = PBXFileReference; lastKnownFileType = sourcecode.swift; path = warcardApp.swift; sourceTree = "<group>"; };
		156CDB752BEB861400DB231C /* ContentView.swift */ = {isa = PBXFileReference; lastKnownFileType = sourcecode.swift; path = ContentView.swift; sourceTree = "<group>"; };
		156CDB772BEB861700DB231C /* Assets.xcassets */ = {isa = PBXFileReference; lastKnownFileType = folder.assetcatalog; path = Assets.xcassets; sourceTree = "<group>"; };
		156CDB7A2BEB861700DB231C /* Preview Assets.xcassets */ = {isa = PBXFileReference; lastKnownFileType = folder.assetcatalog; path = "Preview Assets.xcassets"; sourceTree = "<group>"; };
		156CDB802BEB861700DB231C /* warcardTests.xctest */ = {isa = PBXFileReference; explicitFileType = wrapper.cfbundle; includeInIndex = 0; path = warcardTests.xctest; sourceTree = BUILT_PRODUCTS_DIR; };
		156CDB842BEB861700DB231C /* warcardTests.swift */ = {isa = PBXFileReference; lastKnownFileType = sourcecode.swift; path = warcardTests.swift; sourceTree = "<group>"; };
		156CDB8A2BEB861700DB231C /* warcardUITests.xctest */ = {isa = PBXFileReference; explicitFileType = wrapper.cfbundle; includeInIndex = 0; path = warcardUITests.xctest; sourceTree = BUILT_PRODUCTS_DIR; };
		156CDB8E2BEB861700DB231C /* warcardUITests.swift */ = {isa = PBXFileReference; lastKnownFileType = sourcecode.swift; path = warcardUITests.swift; sourceTree = "<group>"; };
		156CDB902BEB861700DB231C /* warcardUITestsLaunchTests.swift */ = {isa = PBXFileReference; lastKnownFileType = sourcecode.swift; path = warcardUITestsLaunchTests.swift; sourceTree = "<group>"; };
/* End PBXFileReference section */

/* Begin PBXFrameworksBuildPhase section */
		156CDB6D2BEB861400DB231C /* Frameworks */ = {
			isa = PBXFrameworksBuildPhase;
			buildActionMask = 2147483647;
			files = (
			);
			runOnlyForDeploymentPostprocessing = 0;
		};
		156CDB7D2BEB861700DB231C /* Frameworks */ = {
			isa = PBXFrameworksBuildPhase;
			buildActionMask = 2147483647;
			files = (
			);
			runOnlyForDeploymentPostprocessing = 0;
		};
		156CDB872BEB861700DB231C /* Frameworks */ = {
			isa = PBXFrameworksBuildPhase;
			buildActionMask = 2147483647;
			files = (
			);
			runOnlyForDeploymentPostprocessing = 0;
		};
/* End PBXFrameworksBuildPhase section */

/* Begin PBXGroup section */
		156CDB672BEB861400DB231C = {
			isa = PBXGroup;
			children = (
				156CDB722BEB861400DB231C /* warcard */,
				156CDB832BEB861700DB231C /* warcardTests */,
				156CDB8D2BEB861700DB231C /* warcardUITests */,
				156CDB712BEB861400DB231C /* Products */,
			);
			sourceTree = "<group>";
		};
		156CDB712BEB861400DB231C /* Products */ = {
			isa = PBXGroup;
			children = (
				156CDB702BEB861400DB231C /* warcard.app */,
				156CDB802BEB861700DB231C /* warcardTests.xctest */,
				156CDB8A2BEB861700DB231C /* warcardUITests.xctest */,
			);
			name = Products;
			sourceTree = "<group>";
		};
		156CDB722BEB861400DB231C /* warcard */ = {
			isa = PBXGroup;
			children = (
				156CDB732BEB861400DB231C /* warcardApp.swift */,
				156CDB752BEB861400DB231C /* ContentView.swift */,
				156CDB772BEB861700DB231C /* Assets.xcassets */,
				156CDB792BEB861700DB231C /* Preview Content */,
			);
			path = warcard;
			sourceTree = "<group>";
		};
		156CDB792BEB861700DB231C /* Preview Content */ = {
			isa = PBXGroup;
			children = (
				156CDB7A2BEB861700DB231C /* Preview Assets.xcassets */,
			);
			path = "Preview Content";
			sourceTree = "<group>";
		};
		156CDB832BEB861700DB231C /* warcardTests */ = {
			isa = PBXGroup;
			children = (
				156CDB842BEB861700DB231C /* warcardTests.swift */,
			);
			path = warcardTests;
			sourceTree = "<group>";
		};
		156CDB8D2BEB861700DB231C /* warcardUITests */ = {
			isa = PBXGroup;
			children = (
				156CDB8E2BEB861700DB231C /* warcardUITests.swift */,
				156CDB902BEB861700DB231C /* warcardUITestsLaunchTests.swift */,
			);
			path = warcardUITests;
			sourceTree = "<group>";
		};
/* End PBXGroup section */

/* Begin PBXNativeTarget section */
		156CDB6F2BEB861400DB231C /* warcard */ = {
			isa = PBXNativeTarget;
			buildConfigurationList = 156CDB942BEB861700DB231C /* Build configuration list for PBXNativeTarget "warcard" */;
			buildPhases = (
				156CDB6C2BEB861400DB231C /* Sources */,
				156CDB6D2BEB861400DB231C /* Frameworks */,
				156CDB6E2BEB861400DB231C /* Resources */,
			);
			buildRules = (
			);
			dependencies = (
			);
			name = warcard;
			productName = warcard;
			productReference = 156CDB702BEB861400DB231C /* warcard.app */;
			productType = "com.apple.product-type.application";
		};
		156CDB7F2BEB861700DB231C /* warcardTests */ = {
			isa = PBXNativeTarget;
			buildConfigurationList = 156CDB972BEB861700DB231C /* Build configuration list for PBXNativeTarget "warcardTests" */;
			buildPhases = (
				156CDB7C2BEB861700DB231C /* Sources */,
				156CDB7D2BEB861700DB231C /* Frameworks */,
				156CDB7E2BEB861700DB231C /* Resources */,
			);
			buildRules = (
			);
			dependencies = (
				156CDB822BEB861700DB231C /* PBXTargetDependency */,
			);
			name = warcardTests;
			productName = warcardTests;
			productReference = 156CDB802BEB861700DB231C /* warcardTests.xctest */;
			productType = "com.apple.product-type.bundle.unit-test";
		};
		156CDB892BEB861700DB231C /* warcardUITests */ = {
			isa = PBXNativeTarget;
			buildConfigurationList = 156CDB9A2BEB861700DB231C /* Build configuration list for PBXNativeTarget "warcardUITests" */;
			buildPhases = (
				156CDB862BEB861700DB231C /* Sources */,
				156CDB872BEB861700DB231C /* Frameworks */,
				156CDB882BEB861700DB231C /* Resources */,
			);
			buildRules = (
			);
			dependencies = (
				156CDB8C2BEB861700DB231C /* PBXTargetDependency */,
			);
			name = warcardUITests;
			productName = warcardUITests;
			productReference = 156CDB8A2BEB861700DB231C /* warcardUITests.xctest */;
			productType = "com.apple.product-type.bundle.ui-testing";
		};
/* End PBXNativeTarget section */

/* Begin PBXProject section */
		156CDB682BEB861400DB231C /* Project object */ = {
			isa = PBXProject;
			attributes = {
				BuildIndependentTargetsInParallel = 1;
				LastSwiftUpdateCheck = 1530;
				LastUpgradeCheck = 1530;
				TargetAttributes = {
					156CDB6F2BEB861400DB231C = {
						CreatedOnToolsVersion = 15.3;
					};
					156CDB7F2BEB861700DB231C = {
						CreatedOnToolsVersion = 15.3;
						TestTargetID = 156CDB6F2BEB861400DB231C;
					};
					156CDB892BEB861700DB231C = {
						CreatedOnToolsVersion = 15.3;
						TestTargetID = 156CDB6F2BEB861400DB231C;
					};
				};
			};
			buildConfigurationList = 156CDB6B2BEB861400DB231C /* Build configuration list for PBXProject "warcard" */;
			compatibilityVersion = "Xcode 14.0";
			developmentRegion = en;
			hasScannedForEncodings = 0;
			knownRegions = (
				en,
				Base,
			);
			mainGroup = 156CDB672BEB861400DB231C;
			productRefGroup = 156CDB712BEB861400DB231C /* Products */;
			projectDirPath = "";
			projectRoot = "";
			targets = (
				156CDB6F2BEB861400DB231C /* warcard */,
				156CDB7F2BEB861700DB231C /* warcardTests */,
				156CDB892BEB861700DB231C /* warcardUITests */,
			);
		};
/* End PBXProject section */

/* Begin PBXResourcesBuildPhase section */
		156CDB6E2BEB861400DB231C /* Resources */ = {
			isa = PBXResourcesBuildPhase;
			buildActionMask = 2147483647;
			files = (
				156CDB7B2BEB861700DB231C /* Preview Assets.xcassets in Resources */,
				156CDB782BEB861700DB231C /* Assets.xcassets in Resources */,
			);
			runOnlyForDeploymentPostprocessing = 0;
		};
		156CDB7E2BEB861700DB231C /* Resources */ = {
			isa = PBXResourcesBuildPhase;
			buildActionMask = 2147483647;
			files = (
			);
			runOnlyForDeploymentPostprocessing = 0;
		};
		156CDB882BEB861700DB231C /* Resources */ = {
			isa = PBXResourcesBuildPhase;
			buildActionMask = 2147483647;
			files = (
			);
			runOnlyForDeploymentPostprocessing = 0;
		};
/* End PBXResourcesBuildPhase section */

/* Begin PBXSourcesBuildPhase section */
		156CDB6C2BEB861400DB231C /* Sources */ = {
			isa = PBXSourcesBuildPhase;
			buildActionMask = 2147483647;
			files = (
				156CDB762BEB861400DB231C /* ContentView.swift in Sources */,
				156CDB742BEB861400DB231C /* warcardApp.swift in Sources */,
			);
			runOnlyForDeploymentPostprocessing = 0;
		};
		156CDB7C2BEB861700DB231C /* Sources */ = {
			isa = PBXSourcesBuildPhase;
			buildActionMask = 2147483647;
			files = (
				156CDB852BEB861700DB231C /* warcardTests.swift in Sources */,
			);
			runOnlyForDeploymentPostprocessing = 0;
		};
		156CDB862BEB861700DB231C /* Sources */ = {
			isa = PBXSourcesBuildPhase;
			buildActionMask = 2147483647;
			files = (
				156CDB8F2BEB861700DB231C /* warcardUITests.swift in Sources */,
				156CDB912BEB861700DB231C /* warcardUITestsLaunchTests.swift in Sources */,
			);
			runOnlyForDeploymentPostprocessing = 0;
		};
/* End PBXSourcesBuildPhase section */

/* Begin PBXTargetDependency section */
		156CDB822BEB861700DB231C /* PBXTargetDependency */ = {
			isa = PBXTargetDependency;
			target = 156CDB6F2BEB861400DB231C /* warcard */;
			targetProxy = 156CDB812BEB861700DB231C /* PBXContainerItemProxy */;
		};
		156CDB8C2BEB861700DB231C /* PBXTargetDependency */ = {
			isa = PBXTargetDependency;
			target = 156CDB6F2BEB861400DB231C /* warcard */;
			targetProxy = 156CDB8B2BEB861700DB231C /* PBXContainerItemProxy */;
		};
/* End PBXTargetDependency section */

/* Begin XCBuildConfiguration section */
		156CDB922BEB861700DB231C /* Debug */ = {
			isa = XCBuildConfiguration;
			buildSettings = {
				ALWAYS_SEARCH_USER_PATHS = NO;
				ASSETCATALOG_COMPILER_GENERATE_SWIFT_ASSET_SYMBOL_EXTENSIONS = YES;
				CLANG_ANALYZER_NONNULL = YES;
				CLANG_ANALYZER_NUMBER_OBJECT_CONVERSION = YES_AGGRESSIVE;
				CLANG_CXX_LANGUAGE_STANDARD = "gnu++20";
				CLANG_ENABLE_MODULES = YES;
				CLANG_ENABLE_OBJC_ARC = YES;
				CLANG_ENABLE_OBJC_WEAK = YES;
				CLANG_WARN_BLOCK_CAPTURE_AUTORELEASING = YES;
				CLANG_WARN_BOOL_CONVERSION = YES;
				CLANG_WARN_COMMA = YES;
				CLANG_WARN_CONSTANT_CONVERSION = YES;
				CLANG_WARN_DEPRECATED_OBJC_IMPLEMENTATIONS = YES;
				CLANG_WARN_DIRECT_OBJC_ISA_USAGE = YES_ERROR;
				CLANG_WARN_DOCUMENTATION_COMMENTS = YES;
				CLANG_WARN_EMPTY_BODY = YES;
				CLANG_WARN_ENUM_CONVERSION = YES;
				CLANG_WARN_INFINITE_RECURSION = YES;
				CLANG_WARN_INT_CONVERSION = YES;
				CLANG_WARN_NON_LITERAL_NULL_CONVERSION = YES;
				CLANG_WARN_OBJC_IMPLICIT_RETAIN_SELF = YES;
				CLANG_WARN_OBJC_LITERAL_CONVERSION = YES;
				CLANG_WARN_OBJC_ROOT_CLASS = YES_ERROR;
				CLANG_WARN_QUOTED_INCLUDE_IN_FRAMEWORK_HEADER = YES;
				CLANG_WARN_RANGE_LOOP_ANALYSIS = YES;
				CLANG_WARN_STRICT_PROTOTYPES = YES;
				CLANG_WARN_SUSPICIOUS_MOVE = YES;
				CLANG_WARN_UNGUARDED_AVAILABILITY = YES_AGGRESSIVE;
				CLANG_WARN_UNREACHABLE_CODE = YES;
				CLANG_WARN__DUPLICATE_METHOD_MATCH = YES;
				COPY_PHASE_STRIP = NO;
				DEBUG_INFORMATION_FORMAT = dwarf;
				ENABLE_STRICT_OBJC_MSGSEND = YES;
				ENABLE_TESTABILITY = YES;
				ENABLE_USER_SCRIPT_SANDBOXING = YES;
				GCC_C_LANGUAGE_STANDARD = gnu17;
				GCC_DYNAMIC_NO_PIC = NO;
				GCC_NO_COMMON_BLOCKS = YES;
				GCC_OPTIMIZATION_LEVEL = 0;
				GCC_PREPROCESSOR_DEFINITIONS = (
					"DEBUG=1",
					"$(inherited)",
				);
				GCC_WARN_64_TO_32_BIT_CONVERSION = YES;
				GCC_WARN_ABOUT_RETURN_TYPE = YES_ERROR;
				GCC_WARN_UNDECLARED_SELECTOR = YES;
				GCC_WARN_UNINITIALIZED_AUTOS = YES_AGGRESSIVE;
				GCC_WARN_UNUSED_FUNCTION = YES;
				GCC_WARN_UNUSED_VARIABLE = YES;
				IPHONEOS_DEPLOYMENT_TARGET = 17.4;
				LOCALIZATION_PREFERS_STRING_CATALOGS = YES;
				MTL_ENABLE_DEBUG_INFO = INCLUDE_SOURCE;
				MTL_FAST_MATH = YES;
				ONLY_ACTIVE_ARCH = YES;
				SDKROOT = iphoneos;
				SWIFT_ACTIVE_COMPILATION_CONDITIONS = "DEBUG $(inherited)";
				SWIFT_OPTIMIZATION_LEVEL = "-Onone";
			};
			name = Debug;
		};
		156CDB932BEB861700DB231C /* Release */ = {
			isa = XCBuildConfiguration;
			buildSettings = {
				ALWAYS_SEARCH_USER_PATHS = NO;
				ASSETCATALOG_COMPILER_GENERATE_SWIFT_ASSET_SYMBOL_EXTENSIONS = YES;
				CLANG_ANALYZER_NONNULL = YES;
				CLANG_ANALYZER_NUMBER_OBJECT_CONVERSION = YES_AGGRESSIVE;
				CLANG_CXX_LANGUAGE_STANDARD = "gnu++20";
				CLANG_ENABLE_MODULES = YES;
				CLANG_ENABLE_OBJC_ARC = YES;
				CLANG_ENABLE_OBJC_WEAK = YES;
				CLANG_WARN_BLOCK_CAPTURE_AUTORELEASING = YES;
				CLANG_WARN_BOOL_CONVERSION = YES;
				CLANG_WARN_COMMA = YES;
				CLANG_WARN_CONSTANT_CONVERSION = YES;
				CLANG_WARN_DEPRECATED_OBJC_IMPLEMENTATIONS = YES;
				CLANG_WARN_DIRECT_OBJC_ISA_USAGE = YES_ERROR;
				CLANG_WARN_DOCUMENTATION_COMMENTS = YES;
				CLANG_WARN_EMPTY_BODY = YES;
				CLANG_WARN_ENUM_CONVERSION = YES;
				CLANG_WARN_INFINITE_RECURSION = YES;
				CLANG_WARN_INT_CONVERSION = YES;
				CLANG_WARN_NON_LITERAL_NULL_CONVERSION = YES;
				CLANG_WARN_OBJC_IMPLICIT_RETAIN_SELF = YES;
				CLANG_WARN_OBJC_LITERAL_CONVERSION = YES;
				CLANG_WARN_OBJC_ROOT_CLASS = YES_ERROR;
				CLANG_WARN_QUOTED_INCLUDE_IN_FRAMEWORK_HEADER = YES;
				CLANG_WARN_RANGE_LOOP_ANALYSIS = YES;
				CLANG_WARN_STRICT_PROTOTYPES = YES;
				CLANG_WARN_SUSPICIOUS_MOVE = YES;
				CLANG_WARN_UNGUARDED_AVAILABILITY = YES_AGGRESSIVE;
				CLANG_WARN_UNREACHABLE_CODE = YES;
				CLANG_WARN__DUPLICATE_METHOD_MATCH = YES;
				COPY_PHASE_STRIP = NO;
				DEBUG_INFORMATION_FORMAT = "dwarf-with-dsym";
				ENABLE_NS_ASSERTIONS = NO;
				ENABLE_STRICT_OBJC_MSGSEND = YES;
				ENABLE_USER_SCRIPT_SANDBOXING = YES;
				GCC_C_LANGUAGE_STANDARD = gnu17;
				GCC_NO_COMMON_BLOCKS = YES;
				GCC_WARN_64_TO_32_BIT_CONVERSION = YES;
				GCC_WARN_ABOUT_RETURN_TYPE = YES_ERROR;
				GCC_WARN_UNDECLARED_SELECTOR = YES;
				GCC_WARN_UNINITIALIZED_AUTOS = YES_AGGRESSIVE;
				GCC_WARN_UNUSED_FUNCTION = YES;
				GCC_WARN_UNUSED_VARIABLE = YES;
				IPHONEOS_DEPLOYMENT_TARGET = 17.4;
				LOCALIZATION_PREFERS_STRING_CATALOGS = YES;
				MTL_ENABLE_DEBUG_INFO = NO;
				MTL_FAST_MATH = YES;
				SDKROOT = iphoneos;
				SWIFT_COMPILATION_MODE = wholemodule;
				VALIDATE_PRODUCT = YES;
			};
			name = Release;
		};
		156CDB952BEB861700DB231C /* Debug */ = {
			isa = XCBuildConfiguration;
			buildSettings = {
				ASSETCATALOG_COMPILER_APPICON_NAME = AppIcon;
				ASSETCATALOG_COMPILER_GLOBAL_ACCENT_COLOR_NAME = AccentColor;
				CODE_SIGN_STYLE = Automatic;
				CURRENT_PROJECT_VERSION = 1;
				DEVELOPMENT_ASSET_PATHS = "\"warcard/Preview Content\"";
				DEVELOPMENT_TEAM = MWXXC4447X;
				ENABLE_PREVIEWS = YES;
				GENERATE_INFOPLIST_FILE = YES;
				INFOPLIST_KEY_UIApplicationSceneManifest_Generation = YES;
				INFOPLIST_KEY_UIApplicationSupportsIndirectInputEvents = YES;
				INFOPLIST_KEY_UILaunchScreen_Generation = YES;
				INFOPLIST_KEY_UISupportedInterfaceOrientations_iPad = "UIInterfaceOrientationPortrait UIInterfaceOrientationPortraitUpsideDown UIInterfaceOrientationLandscapeLeft UIInterfaceOrientationLandscapeRight";
				INFOPLIST_KEY_UISupportedInterfaceOrientations_iPhone = "UIInterfaceOrientationPortrait UIInterfaceOrientationLandscapeLeft UIInterfaceOrientationLandscapeRight";
				LD_RUNPATH_SEARCH_PATHS = (
					"$(inherited)",
					"@executable_path/Frameworks",
				);
				MARKETING_VERSION = 1.0;
				PRODUCT_BUNDLE_IDENTIFIER = project.warcard;
				PRODUCT_NAME = "$(TARGET_NAME)";
				SWIFT_EMIT_LOC_STRINGS = YES;
				SWIFT_VERSION = 5.0;
				TARGETED_DEVICE_FAMILY = "1,2";
			};
			name = Debug;
		};
		156CDB962BEB861700DB231C /* Release */ = {
			isa = XCBuildConfiguration;
			buildSettings = {
				ASSETCATALOG_COMPILER_APPICON_NAME = AppIcon;
				ASSETCATALOG_COMPILER_GLOBAL_ACCENT_COLOR_NAME = AccentColor;
				CODE_SIGN_STYLE = Automatic;
				CURRENT_PROJECT_VERSION = 1;
				DEVELOPMENT_ASSET_PATHS = "\"warcard/Preview Content\"";
				DEVELOPMENT_TEAM = MWXXC4447X;
				ENABLE_PREVIEWS = YES;
				GENERATE_INFOPLIST_FILE = YES;
				INFOPLIST_KEY_UIApplicationSceneManifest_Generation = YES;
				INFOPLIST_KEY_UIApplicationSupportsIndirectInputEvents = YES;
				INFOPLIST_KEY_UILaunchScreen_Generation = YES;
				INFOPLIST_KEY_UISupportedInterfaceOrientations_iPad = "UIInterfaceOrientationPortrait UIInterfaceOrientationPortraitUpsideDown UIInterfaceOrientationLandscapeLeft UIInterfaceOrientationLandscapeRight";
				INFOPLIST_KEY_UISupportedInterfaceOrientations_iPhone = "UIInterfaceOrientationPortrait UIInterfaceOrientationLandscapeLeft UIInterfaceOrientationLandscapeRight";
				LD_RUNPATH_SEARCH_PATHS = (
					"$(inherited)",
					"@executable_path/Frameworks",
				);
				MARKETING_VERSION = 1.0;
				PRODUCT_BUNDLE_IDENTIFIER = project.warcard;
				PRODUCT_NAME = "$(TARGET_NAME)";
				SWIFT_EMIT_LOC_STRINGS = YES;
				SWIFT_VERSION = 5.0;
				TARGETED_DEVICE_FAMILY = "1,2";
			};
			name = Release;
		};
		156CDB982BEB861700DB231C /* Debug */ = {
			isa = XCBuildConfiguration;
			buildSettings = {
				ALWAYS_EMBED_SWIFT_STANDARD_LIBRARIES = YES;
				BUNDLE_LOADER = "$(TEST_HOST)";
				CODE_SIGN_STYLE = Automatic;
				CURRENT_PROJECT_VERSION = 1;
				DEVELOPMENT_TEAM = MWXXC4447X;
				GENERATE_INFOPLIST_FILE = YES;
				IPHONEOS_DEPLOYMENT_TARGET = 17.4;
				MARKETING_VERSION = 1.0;
				PRODUCT_BUNDLE_IDENTIFIER = project.warcardTests;
				PRODUCT_NAME = "$(TARGET_NAME)";
				SWIFT_EMIT_LOC_STRINGS = NO;
				SWIFT_VERSION = 5.0;
				TARGETED_DEVICE_FAMILY = "1,2";
				TEST_HOST = "$(BUILT_PRODUCTS_DIR)/warcard.app/$(BUNDLE_EXECUTABLE_FOLDER_PATH)/warcard";
			};
			name = Debug;
		};
		156CDB992BEB861700DB231C /* Release */ = {
			isa = XCBuildConfiguration;
			buildSettings = {
				ALWAYS_EMBED_SWIFT_STANDARD_LIBRARIES = YES;
				BUNDLE_LOADER = "$(TEST_HOST)";
				CODE_SIGN_STYLE = Automatic;
				CURRENT_PROJECT_VERSION = 1;
				DEVELOPMENT_TEAM = MWXXC4447X;
				GENERATE_INFOPLIST_FILE = YES;
				IPHONEOS_DEPLOYMENT_TARGET = 17.4;
				MARKETING_VERSION = 1.0;
				PRODUCT_BUNDLE_IDENTIFIER = project.warcardTests;
				PRODUCT_NAME = "$(TARGET_NAME)";
				SWIFT_EMIT_LOC_STRINGS = NO;
				SWIFT_VERSION = 5.0;
				TARGETED_DEVICE_FAMILY = "1,2";
				TEST_HOST = "$(BUILT_PRODUCTS_DIR)/warcard.app/$(BUNDLE_EXECUTABLE_FOLDER_PATH)/warcard";
			};
			name = Release;
		};
		156CDB9B2BEB861700DB231C /* Debug */ = {
			isa = XCBuildConfiguration;
			buildSettings = {
				ALWAYS_EMBED_SWIFT_STANDARD_LIBRARIES = YES;
				CODE_SIGN_STYLE = Automatic;
				CURRENT_PROJECT_VERSION = 1;
				DEVELOPMENT_TEAM = MWXXC4447X;
				GENERATE_INFOPLIST_FILE = YES;
				MARKETING_VERSION = 1.0;
				PRODUCT_BUNDLE_IDENTIFIER = project.warcardUITests;
				PRODUCT_NAME = "$(TARGET_NAME)";
				SWIFT_EMIT_LOC_STRINGS = NO;
				SWIFT_VERSION = 5.0;
				TARGETED_DEVICE_FAMILY = "1,2";
				TEST_TARGET_NAME = warcard;
			};
			name = Debug;
		};
		156CDB9C2BEB861700DB231C /* Release */ = {
			isa = XCBuildConfiguration;
			buildSettings = {
				ALWAYS_EMBED_SWIFT_STANDARD_LIBRARIES = YES;
				CODE_SIGN_STYLE = Automatic;
				CURRENT_PROJECT_VERSION = 1;
				DEVELOPMENT_TEAM = MWXXC4447X;
				GENERATE_INFOPLIST_FILE = YES;
				MARKETING_VERSION = 1.0;
				PRODUCT_BUNDLE_IDENTIFIER = project.warcardUITests;
				PRODUCT_NAME = "$(TARGET_NAME)";
				SWIFT_EMIT_LOC_STRINGS = NO;
				SWIFT_VERSION = 5.0;
				TARGETED_DEVICE_FAMILY = "1,2";
				TEST_TARGET_NAME = warcard;
			};
			name = Release;
		};
/* End XCBuildConfiguration section */

/* Begin XCConfigurationList section */
		156CDB6B2BEB861400DB231C /* Build configuration list for PBXProject "warcard" */ = {
			isa = XCConfigurationList;
			buildConfigurations = (
				156CDB922BEB861700DB231C /* Debug */,
				156CDB932BEB861700DB231C /* Release */,
			);
			defaultConfigurationIsVisible = 0;
			defaultConfigurationName = Release;
		};
		156CDB942BEB861700DB231C /* Build configuration list for PBXNativeTarget "warcard" */ = {
			isa = XCConfigurationList;
			buildConfigurations = (
				156CDB952BEB861700DB231C /* Debug */,
				156CDB962BEB861700DB231C /* Release */,
			);
			defaultConfigurationIsVisible = 0;
			defaultConfigurationName = Release;
		};
		156CDB972BEB861700DB231C /* Build configuration list for PBXNativeTarget "warcardTests" */ = {
			isa = XCConfigurationList;
			buildConfigurations = (
				156CDB982BEB861700DB231C /* Debug */,
				156CDB992BEB861700DB231C /* Release */,
			);
			defaultConfigurationIsVisible = 0;
			defaultConfigurationName = Release;
		};
		156CDB9A2BEB861700DB231C /* Build configuration list for PBXNativeTarget "warcardUITests" */ = {
			isa = XCConfigurationList;
			buildConfigurations = (
				156CDB9B2BEB861700DB231C /* Debug */,
				156CDB9C2BEB861700DB231C /* Release */,
			);
			defaultConfigurationIsVisible = 0;
			defaultConfigurationName = Release;
		};
/* End XCConfigurationList section */
	};
	rootObject = 156CDB682BEB861400DB231C /* Project object */;
}
